
Microsoft Visual Studio Solution File, Format Version 12.00
# Visual Studio Version 17
VisualStudioVersion = 17.3.32922.545
MinimumVisualStudioVersion = 10.0.40219.1
Project("{9A19103F-16F7-4668-BE54-9A1E7A4F7556}") = "VSFlyFabioPedro", "VSFlyFabioPedro\VSFlyFabioPedro.csproj", "{D4D505C2-E7F5-4B63-BAB3-DE4BEE160538}"
EndProject
Project("{9A19103F-16F7-4668-BE54-9A1E7A4F7556}") = "VSFlyFabioPedroWebAPI", "VSFlyFabioPedroWebAPI\VSFlyFabioPedroWebAPI.csproj", "{9B2CC3F9-4D79-477F-A997-738AD400A7C2}"
EndProject
Project("{FAE04EC0-301F-11D3-BF4B-00C04F79EFBC}") = "VSFlyFabioPedroWebApp", "VSFlyFabioPedroWebApp\VSFlyFabioPedroWebApp.csproj", "{BB6EBF9F-6532-48C4-8EF5-7CB8B646C0B4}"
EndProject
Global
	GlobalSection(SolutionConfigurationPlatforms) = preSolution
		Debug|Any CPU = Debug|Any CPU
		Release|Any CPU = Release|Any CPU
	EndGlobalSection
	GlobalSection(ProjectConfigurationPlatforms) = postSolution
		{D4D505C2-E7F5-4B63-BAB3-DE4BEE160538}.Debug|Any CPU.ActiveCfg = Debug|Any CPU
		{D4D505C2-E7F5-4B63-BAB3-DE4BEE160538}.Debug|Any CPU.Build.0 = Debug|Any CPU
		{D4D505C2-E7F5-4B63-BAB3-DE4BEE160538}.Release|Any CPU.ActiveCfg = Release|Any CPU
		{D4D505C2-E7F5-4B63-BAB3-DE4BEE160538}.Release|Any CPU.Build.0 = Release|Any CPU
		{9B2CC3F9-4D79-477F-A997-738AD400A7C2}.Debug|Any CPU.ActiveCfg = Debug|Any CPU
		{9B2CC3F9-4D79-477F-A997-738AD400A7C2}.Debug|Any CPU.Build.0 = Debug|Any CPU
		{9B2CC3F9-4D79-477F-A997-738AD400A7C2}.Release|Any CPU.ActiveCfg = Release|Any CPU
		{9B2CC3F9-4D79-477F-A997-738AD400A7C2}.Release|Any CPU.Build.0 = Release|Any CPU
		{BB6EBF9F-6532-48C4-8EF5-7CB8B646C0B4}.Debug|Any CPU.ActiveCfg = Debug|Any CPU
		{BB6EBF9F-6532-48C4-8EF5-7CB8B646C0B4}.Debug|Any CPU.Build.0 = Debug|Any CPU
		{BB6EBF9F-6532-48C4-8EF5-7CB8B646C0B4}.Release|Any CPU.ActiveCfg = Release|Any CPU
		{BB6EBF9F-6532-48C4-8EF5-7CB8B646C0B4}.Release|Any CPU.Build.0 = Release|Any CPU
	EndGlobalSection
	GlobalSection(SolutionProperties) = preSolution
		HideSolutionNode = FALSE
	EndGlobalSection
	GlobalSection(ExtensibilityGlobals) = postSolution
		SolutionGuid = {0CF917C7-3839-44D1-8D61-9F2E589F22E8}
	EndGlobalSection
EndGlobal
